
Microsoft Visual Studio Solution File, Format Version 12.00
# Visual Studio Version 17
VisualStudioVersion = 17.6.33717.318
MinimumVisualStudioVersion = 10.0.40219.1
Project("{9A19103F-16F7-4668-BE54-9A1E7A4F7556}") = "ExercicioWebAPI", "ExercicioWebAPI\ExercicioWebAPI.csproj", "{326CBE20-9F66-40F0-8CCF-EE41A8B4D8D0}"
EndProject
Project("{FAE04EC0-301F-11D3-BF4B-00C04F79EFBC}") = "Domain", "Domain\Domain.csproj", "{779CF314-DDB5-4D06-BAA4-860D4B9A91F5}"
EndProject
Project("{FAE04EC0-301F-11D3-BF4B-00C04F79EFBC}") = "Services", "Services\Services.csproj", "{B18500D0-BA77-4C67-8CEF-B3B5D4BEA6A6}"
EndProject
Project("{FAE04EC0-301F-11D3-BF4B-00C04F79EFBC}") = "Authentication", "Authentication\Authentication.csproj", "{4775D1E0-83EC-4591-B6E2-B113FEEB1BBC}"
EndProject
Project("{FAE04EC0-301F-11D3-BF4B-00C04F79EFBC}") = "Repository", "Repository\Repository.csproj", "{23EA1E78-19E2-4C80-B1C9-5ED98650F93E}"
EndProject
Project("{FAE04EC0-301F-11D3-BF4B-00C04F79EFBC}") = "Database", "Database\Database.csproj", "{D057121D-243E-4C6F-AFD5-81FB0B3FD6BE}"
EndProject
Project("{FAE04EC0-301F-11D3-BF4B-00C04F79EFBC}") = "DTOs", "DTOs\DTOs.csproj", "{DE06194E-35F2-4B8E-B059-1CF8CBA7E2CF}"
EndProject
Global
	GlobalSection(SolutionConfigurationPlatforms) = preSolution
		Debug|Any CPU = Debug|Any CPU
		Release|Any CPU = Release|Any CPU
	EndGlobalSection
	GlobalSection(ProjectConfigurationPlatforms) = postSolution
		{326CBE20-9F66-40F0-8CCF-EE41A8B4D8D0}.Debug|Any CPU.ActiveCfg = Debug|Any CPU
		{326CBE20-9F66-40F0-8CCF-EE41A8B4D8D0}.Debug|Any CPU.Build.0 = Debug|Any CPU
		{326CBE20-9F66-40F0-8CCF-EE41A8B4D8D0}.Release|Any CPU.ActiveCfg = Release|Any CPU
		{326CBE20-9F66-40F0-8CCF-EE41A8B4D8D0}.Release|Any CPU.Build.0 = Release|Any CPU
		{779CF314-DDB5-4D06-BAA4-860D4B9A91F5}.Debug|Any CPU.ActiveCfg = Debug|Any CPU
		{779CF314-DDB5-4D06-BAA4-860D4B9A91F5}.Debug|Any CPU.Build.0 = Debug|Any CPU
		{779CF314-DDB5-4D06-BAA4-860D4B9A91F5}.Release|Any CPU.ActiveCfg = Release|Any CPU
		{779CF314-DDB5-4D06-BAA4-860D4B9A91F5}.Release|Any CPU.Build.0 = Release|Any CPU
		{B18500D0-BA77-4C67-8CEF-B3B5D4BEA6A6}.Debug|Any CPU.ActiveCfg = Debug|Any CPU
		{B18500D0-BA77-4C67-8CEF-B3B5D4BEA6A6}.Debug|Any CPU.Build.0 = Debug|Any CPU
		{B18500D0-BA77-4C67-8CEF-B3B5D4BEA6A6}.Release|Any CPU.ActiveCfg = Release|Any CPU
		{B18500D0-BA77-4C67-8CEF-B3B5D4BEA6A6}.Release|Any CPU.Build.0 = Release|Any CPU
		{4775D1E0-83EC-4591-B6E2-B113FEEB1BBC}.Debug|Any CPU.ActiveCfg = Debug|Any CPU
		{4775D1E0-83EC-4591-B6E2-B113FEEB1BBC}.Debug|Any CPU.Build.0 = Debug|Any CPU
		{4775D1E0-83EC-4591-B6E2-B113FEEB1BBC}.Release|Any CPU.ActiveCfg = Release|Any CPU
		{4775D1E0-83EC-4591-B6E2-B113FEEB1BBC}.Release|Any CPU.Build.0 = Release|Any CPU
		{23EA1E78-19E2-4C80-B1C9-5ED98650F93E}.Debug|Any CPU.ActiveCfg = Debug|Any CPU
		{23EA1E78-19E2-4C80-B1C9-5ED98650F93E}.Debug|Any CPU.Build.0 = Debug|Any CPU
		{23EA1E78-19E2-4C80-B1C9-5ED98650F93E}.Release|Any CPU.ActiveCfg = Release|Any CPU
		{23EA1E78-19E2-4C80-B1C9-5ED98650F93E}.Release|Any CPU.Build.0 = Release|Any CPU
		{D057121D-243E-4C6F-AFD5-81FB0B3FD6BE}.Debug|Any CPU.ActiveCfg = Debug|Any CPU
		{D057121D-243E-4C6F-AFD5-81FB0B3FD6BE}.Debug|Any CPU.Build.0 = Debug|Any CPU
		{D057121D-243E-4C6F-AFD5-81FB0B3FD6BE}.Release|Any CPU.ActiveCfg = Release|Any CPU
		{D057121D-243E-4C6F-AFD5-81FB0B3FD6BE}.Release|Any CPU.Build.0 = Release|Any CPU
		{DE06194E-35F2-4B8E-B059-1CF8CBA7E2CF}.Debug|Any CPU.ActiveCfg = Debug|Any CPU
		{DE06194E-35F2-4B8E-B059-1CF8CBA7E2CF}.Debug|Any CPU.Build.0 = Debug|Any CPU
		{DE06194E-35F2-4B8E-B059-1CF8CBA7E2CF}.Release|Any CPU.ActiveCfg = Release|Any CPU
		{DE06194E-35F2-4B8E-B059-1CF8CBA7E2CF}.Release|Any CPU.Build.0 = Release|Any CPU
	EndGlobalSection
	GlobalSection(SolutionProperties) = preSolution
		HideSolutionNode = FALSE
	EndGlobalSection
	GlobalSection(ExtensibilityGlobals) = postSolution
		SolutionGuid = {2CB0A3F6-87E9-4328-8325-D1907E5C9857}
	EndGlobalSection
EndGlobal
